
Microsoft Visual Studio Solution File, Format Version 12.00
# Visual Studio 15
VisualStudioVersion = 15.0.28010.2036
MinimumVisualStudioVersion = 10.0.40219.1
Project("{FAE04EC0-301F-11D3-BF4B-00C04F79EFBC}") = "calculator", "calculator\calculator.csproj", "{15FC7C16-BC2A-4BE2-99BB-FC296D8382AB}"
EndProject
Global
	GlobalSection(SolutionConfigurationPlatforms) = preSolution
		Debug|Any CPU = Debug|Any CPU
		Release|Any CPU = Release|Any CPU
	EndGlobalSection
	GlobalSection(ProjectConfigurationPlatforms) = postSolution
		{15FC7C16-BC2A-4BE2-99BB-FC296D8382AB}.Debug|Any CPU.ActiveCfg = Debug|Any CPU
		{15FC7C16-BC2A-4BE2-99BB-FC296D8382AB}.Debug|Any CPU.Build.0 = Debug|Any CPU
		{15FC7C16-BC2A-4BE2-99BB-FC296D8382AB}.Release|Any CPU.ActiveCfg = Release|Any CPU
		{15FC7C16-BC2A-4BE2-99BB-FC296D8382AB}.Release|Any CPU.Build.0 = Release|Any CPU
	EndGlobalSection
	GlobalSection(SolutionProperties) = preSolution
		HideSolutionNode = FALSE
	EndGlobalSection
	GlobalSection(ExtensibilityGlobals) = postSolution
		SolutionGuid = {8CE43F0E-6FE7-4034-B1D1-195CE534ACCB}
	EndGlobalSection
EndGlobal
